
Microsoft Visual Studio Solution File, Format Version 12.00
Project("{FAE04EC0-301F-11D3-BF4B-00C04F79EFBC}") = "Lab3_Version2", "Lab3_Version2\Lab3_Version2.csproj", "{52F6ACE8-7A10-4B9A-8EBC-3039EF22BA54}"
EndProject
Global
	GlobalSection(SolutionConfigurationPlatforms) = preSolution
		Debug|Any CPU = Debug|Any CPU
		Release|Any CPU = Release|Any CPU
	EndGlobalSection
	GlobalSection(ProjectConfigurationPlatforms) = postSolution
		{52F6ACE8-7A10-4B9A-8EBC-3039EF22BA54}.Debug|Any CPU.ActiveCfg = Debug|Any CPU
		{52F6ACE8-7A10-4B9A-8EBC-3039EF22BA54}.Debug|Any CPU.Build.0 = Debug|Any CPU
		{52F6ACE8-7A10-4B9A-8EBC-3039EF22BA54}.Release|Any CPU.ActiveCfg = Release|Any CPU
		{52F6ACE8-7A10-4B9A-8EBC-3039EF22BA54}.Release|Any CPU.Build.0 = Release|Any CPU
	EndGlobalSection
EndGlobal
